// !$*UTF8*$!
{
	archiveVersion = 1;
	classes = {
	};
	objectVersion = 46;
	objects = {

/* Begin PBXBuildFile section */
		120366D81F44AD0C00612A5A /* main.m in Sources */ = {isa = PBXBuildFile; fileRef = 120366D71F44AD0C00612A5A /* main.m */; };
		120366DB1F44AD0C00612A5A /* AppDelegate.m in Sources */ = {isa = PBXBuildFile; fileRef = 120366DA1F44AD0C00612A5A /* AppDelegate.m */; };
		120366DE1F44AD0C00612A5A /* w4d3-demo.xcdatamodeld in Sources */ = {isa = PBXBuildFile; fileRef = 120366DC1F44AD0C00612A5A /* w4d3-demo.xcdatamodeld */; };
		120366E11F44AD0C00612A5A /* MasterViewController.m in Sources */ = {isa = PBXBuildFile; fileRef = 120366E01F44AD0C00612A5A /* MasterViewController.m */; };
		120366E41F44AD0C00612A5A /* DetailViewController.m in Sources */ = {isa = PBXBuildFile; fileRef = 120366E31F44AD0C00612A5A /* DetailViewController.m */; };
		120366E71F44AD0C00612A5A /* Main.storyboard in Resources */ = {isa = PBXBuildFile; fileRef = 120366E51F44AD0C00612A5A /* Main.storyboard */; };
		120366E91F44AD0C00612A5A /* Assets.xcassets in Resources */ = {isa = PBXBuildFile; fileRef = 120366E81F44AD0C00612A5A /* Assets.xcassets */; };
		120366EC1F44AD0C00612A5A /* LaunchScreen.storyboard in Resources */ = {isa = PBXBuildFile; fileRef = 120366EA1F44AD0C00612A5A /* LaunchScreen.storyboard */; };
		2A1CD8971F9FAA28007FB603 /* Meal+CoreDataClass.m in Sources */ = {isa = PBXBuildFile; fileRef = 2A1CD8941F9FAA28007FB603 /* Meal+CoreDataClass.m */; };
		2A1CD8981F9FAA28007FB603 /* Meal+CoreDataProperties.m in Sources */ = {isa = PBXBuildFile; fileRef = 2A1CD8961F9FAA28007FB603 /* Meal+CoreDataProperties.m */; };
		2A1CD89B1F9FD2E1007FB603 /* TestFilesViewController.m in Sources */ = {isa = PBXBuildFile; fileRef = 2A1CD89A1F9FD2E1007FB603 /* TestFilesViewController.m */; };
		2A1CD89E1F9FDF15007FB603 /* TestUserDefaultsViewController.m in Sources */ = {isa = PBXBuildFile; fileRef = 2A1CD89D1F9FDF15007FB603 /* TestUserDefaultsViewController.m */; };
		2A5449B31F9F93100003F216 /* Default-568h@2x.png in Resources */ = {isa = PBXBuildFile; fileRef = 2A5449B21F9F93100003F216 /* Default-568h@2x.png */; };
/* End PBXBuildFile section */

/* Begin PBXFileReference section */
		120366D31F44AD0C00612A5A /* w4d3-demo.app */ = {isa = PBXFileReference; explicitFileType = wrapper.application; includeInIndex = 0; path = "w4d3-demo.app"; sourceTree = BUILT_PRODUCTS_DIR; };
		120366D71F44AD0C00612A5A /* main.m */ = {isa = PBXFileReference; lastKnownFileType = sourcecode.c.objc; path = main.m; sourceTree = "<group>"; };
		120366D91F44AD0C00612A5A /* AppDelegate.h */ = {isa = PBXFileReference; lastKnownFileType = sourcecode.c.h; path = AppDelegate.h; sourceTree = "<group>"; };
		120366DA1F44AD0C00612A5A /* AppDelegate.m */ = {isa = PBXFileReference; lastKnownFileType = sourcecode.c.objc; path = AppDelegate.m; sourceTree = "<group>"; };
		120366DD1F44AD0C00612A5A /* W4D3_CoreData_starter.xcdatamodel */ = {isa = PBXFileReference; lastKnownFileType = wrapper.xcdatamodel; path = W4D3_CoreData_starter.xcdatamodel; sourceTree = "<group>"; };
		120366DF1F44AD0C00612A5A /* MasterViewController.h */ = {isa = PBXFileReference; lastKnownFileType = sourcecode.c.h; path = MasterViewController.h; sourceTree = "<group>"; };
		120366E01F44AD0C00612A5A /* MasterViewController.m */ = {isa = PBXFileReference; lastKnownFileType = sourcecode.c.objc; path = MasterViewController.m; sourceTree = "<group>"; };
		120366E21F44AD0C00612A5A /* DetailViewController.h */ = {isa = PBXFileReference; lastKnownFileType = sourcecode.c.h; path = DetailViewController.h; sourceTree = "<group>"; };
		120366E31F44AD0C00612A5A /* DetailViewController.m */ = {isa = PBXFileReference; lastKnownFileType = sourcecode.c.objc; path = DetailViewController.m; sourceTree = "<group>"; };
		120366E61F44AD0C00612A5A /* Base */ = {isa = PBXFileReference; lastKnownFileType = file.storyboard; name = Base; path = Base.lproj/Main.storyboard; sourceTree = "<group>"; };
		120366E81F44AD0C00612A5A /* Assets.xcassets */ = {isa = PBXFileReference; lastKnownFileType = folder.assetcatalog; path = Assets.xcassets; sourceTree = "<group>"; };
		120366EB1F44AD0C00612A5A /* Base */ = {isa = PBXFileReference; lastKnownFileType = file.storyboard; name = Base; path = Base.lproj/LaunchScreen.storyboard; sourceTree = "<group>"; };
		120366ED1F44AD0C00612A5A /* Info.plist */ = {isa = PBXFileReference; lastKnownFileType = text.plist.xml; path = Info.plist; sourceTree = "<group>"; };
		2A1CD8931F9FAA28007FB603 /* Meal+CoreDataClass.h */ = {isa = PBXFileReference; lastKnownFileType = sourcecode.c.h; name = "Meal+CoreDataClass.h"; path = "w4d3-demo/Meal+CoreDataClass.h"; sourceTree = "<group>"; };
		2A1CD8941F9FAA28007FB603 /* Meal+CoreDataClass.m */ = {isa = PBXFileReference; lastKnownFileType = sourcecode.c.objc; name = "Meal+CoreDataClass.m"; path = "w4d3-demo/Meal+CoreDataClass.m"; sourceTree = "<group>"; };
		2A1CD8951F9FAA28007FB603 /* Meal+CoreDataProperties.h */ = {isa = PBXFileReference; lastKnownFileType = sourcecode.c.h; name = "Meal+CoreDataProperties.h"; path = "w4d3-demo/Meal+CoreDataProperties.h"; sourceTree = "<group>"; };
		2A1CD8961F9FAA28007FB603 /* Meal+CoreDataProperties.m */ = {isa = PBXFileReference; lastKnownFileType = sourcecode.c.objc; name = "Meal+CoreDataProperties.m"; path = "w4d3-demo/Meal+CoreDataProperties.m"; sourceTree = "<group>"; };
		2A1CD8991F9FD2E1007FB603 /* TestFilesViewController.h */ = {isa = PBXFileReference; lastKnownFileType = sourcecode.c.h; path = TestFilesViewController.h; sourceTree = "<group>"; };
		2A1CD89A1F9FD2E1007FB603 /* TestFilesViewController.m */ = {isa = PBXFileReference; lastKnownFileType = sourcecode.c.objc; path = TestFilesViewController.m; sourceTree = "<group>"; };
		2A1CD89C1F9FDF15007FB603 /* TestUserDefaultsViewController.h */ = {isa = PBXFileReference; lastKnownFileType = sourcecode.c.h; path = TestUserDefaultsViewController.h; sourceTree = "<group>"; };
		2A1CD89D1F9FDF15007FB603 /* TestUserDefaultsViewController.m */ = {isa = PBXFileReference; lastKnownFileType = sourcecode.c.objc; path = TestUserDefaultsViewController.m; sourceTree = "<group>"; };
		2A5449B21F9F93100003F216 /* Default-568h@2x.png */ = {isa = PBXFileReference; lastKnownFileType = image.png; path = "Default-568h@2x.png"; sourceTree = "<group>"; };
/* End PBXFileReference section */

/* Begin PBXFrameworksBuildPhase section */
		120366D01F44AD0C00612A5A /* Frameworks */ = {
			isa = PBXFrameworksBuildPhase;
			buildActionMask = 2147483647;
			files = (
			);
			runOnlyForDeploymentPostprocessing = 0;
		};
/* End PBXFrameworksBuildPhase section */

/* Begin PBXGroup section */
		120366CA1F44AD0C00612A5A = {
			isa = PBXGroup;
			children = (
				2A1CD8931F9FAA28007FB603 /* Meal+CoreDataClass.h */,
				2A1CD8941F9FAA28007FB603 /* Meal+CoreDataClass.m */,
				2A1CD8951F9FAA28007FB603 /* Meal+CoreDataProperties.h */,
				2A1CD8961F9FAA28007FB603 /* Meal+CoreDataProperties.m */,
				120366D51F44AD0C00612A5A /* w4d3-demo */,
				120366D41F44AD0C00612A5A /* Products */,
			);
			sourceTree = "<group>";
		};
		120366D41F44AD0C00612A5A /* Products */ = {
			isa = PBXGroup;
			children = (
				120366D31F44AD0C00612A5A /* w4d3-demo.app */,
			);
			name = Products;
			sourceTree = "<group>";
		};
		120366D51F44AD0C00612A5A /* w4d3-demo */ = {
			isa = PBXGroup;
			children = (
				120366D91F44AD0C00612A5A /* AppDelegate.h */,
				120366DA1F44AD0C00612A5A /* AppDelegate.m */,
				2A1CD8991F9FD2E1007FB603 /* TestFilesViewController.h */,
				2A1CD89A1F9FD2E1007FB603 /* TestFilesViewController.m */,
				2A1CD89C1F9FDF15007FB603 /* TestUserDefaultsViewController.h */,
				2A1CD89D1F9FDF15007FB603 /* TestUserDefaultsViewController.m */,
				120366DF1F44AD0C00612A5A /* MasterViewController.h */,
				120366E01F44AD0C00612A5A /* MasterViewController.m */,
				120366E21F44AD0C00612A5A /* DetailViewController.h */,
				120366E31F44AD0C00612A5A /* DetailViewController.m */,
				120366E51F44AD0C00612A5A /* Main.storyboard */,
				120366E81F44AD0C00612A5A /* Assets.xcassets */,
				120366EA1F44AD0C00612A5A /* LaunchScreen.storyboard */,
				120366ED1F44AD0C00612A5A /* Info.plist */,
				120366DC1F44AD0C00612A5A /* w4d3-demo.xcdatamodeld */,
				120366D61F44AD0C00612A5A /* Supporting Files */,
			);
			path = "w4d3-demo";
			sourceTree = "<group>";
		};
		120366D61F44AD0C00612A5A /* Supporting Files */ = {
			isa = PBXGroup;
			children = (
				2A5449B21F9F93100003F216 /* Default-568h@2x.png */,
				120366D71F44AD0C00612A5A /* main.m */,
			);
			name = "Supporting Files";
			sourceTree = "<group>";
		};
/* End PBXGroup section */

/* Begin PBXNativeTarget section */
		120366D21F44AD0C00612A5A /* w4d3-demo */ = {
			isa = PBXNativeTarget;
			buildConfigurationList = 120366F01F44AD0C00612A5A /* Build configuration list for PBXNativeTarget "w4d3-demo" */;
			buildPhases = (
				120366CF1F44AD0C00612A5A /* Sources */,
				120366D01F44AD0C00612A5A /* Frameworks */,
				120366D11F44AD0C00612A5A /* Resources */,
			);
			buildRules = (
			);
			dependencies = (
			);
			name = "w4d3-demo";
			productName = "W4D3-CoreData-starter";
			productReference = 120366D31F44AD0C00612A5A /* w4d3-demo.app */;
			productType = "com.apple.product-type.application";
		};
/* End PBXNativeTarget section */

/* Begin PBXProject section */
		120366CB1F44AD0C00612A5A /* Project object */ = {
			isa = PBXProject;
			attributes = {
				LastUpgradeCheck = 0900;
				ORGANIZATIONNAME = "Daniel Mathews";
				TargetAttributes = {
					120366D21F44AD0C00612A5A = {
						CreatedOnToolsVersion = 8.3.2;
						DevelopmentTeam = H2GBZ259YT;
						ProvisioningStyle = Automatic;
					};
				};
			};
			buildConfigurationList = 120366CE1F44AD0C00612A5A /* Build configuration list for PBXProject "w4d3-demo" */;
			compatibilityVersion = "Xcode 3.2";
			developmentRegion = English;
			hasScannedForEncodings = 0;
			knownRegions = (
				en,
				Base,
			);
			mainGroup = 120366CA1F44AD0C00612A5A;
			productRefGroup = 120366D41F44AD0C00612A5A /* Products */;
			projectDirPath = "";
			projectRoot = "";
			targets = (
				120366D21F44AD0C00612A5A /* w4d3-demo */,
			);
		};
/* End PBXProject section */

/* Begin PBXResourcesBuildPhase section */
		120366D11F44AD0C00612A5A /* Resources */ = {
			isa = PBXResourcesBuildPhase;
			buildActionMask = 2147483647;
			files = (
				120366EC1F44AD0C00612A5A /* LaunchScreen.storyboard in Resources */,
				2A5449B31F9F93100003F216 /* Default-568h@2x.png in Resources */,
				120366E91F44AD0C00612A5A /* Assets.xcassets in Resources */,
				120366E71F44AD0C00612A5A /* Main.storyboard in Resources */,
			);
			runOnlyForDeploymentPostprocessing = 0;
		};
/* End PBXResourcesBuildPhase section */

/* Begin PBXSourcesBuildPhase section */
		120366CF1F44AD0C00612A5A /* Sources */ = {
			isa = PBXSourcesBuildPhase;
			buildActionMask = 2147483647;
			files = (
				120366E41F44AD0C00612A5A /* DetailViewController.m in Sources */,
				120366E11F44AD0C00612A5A /* MasterViewController.m in Sources */,
				2A1CD8971F9FAA28007FB603 /* Meal+CoreDataClass.m in Sources */,
				2A1CD89E1F9FDF15007FB603 /* TestUserDefaultsViewController.m in Sources */,
				2A1CD8981F9FAA28007FB603 /* Meal+CoreDataProperties.m in Sources */,
				120366DB1F44AD0C00612A5A /* AppDelegate.m in Sources */,
				120366D81F44AD0C00612A5A /* main.m in Sources */,
				2A1CD89B1F9FD2E1007FB603 /* TestFilesViewController.m in Sources */,
				120366DE1F44AD0C00612A5A /* w4d3-demo.xcdatamodeld in Sources */,
			);
			runOnlyForDeploymentPostprocessing = 0;
		};
/* End PBXSourcesBuildPhase section */

/* Begin PBXVariantGroup section */
		120366E51F44AD0C00612A5A /* Main.storyboard */ = {
			isa = PBXVariantGroup;
			children = (
				120366E61F44AD0C00612A5A /* Base */,
			);
			name = Main.storyboard;
			sourceTree = "<group>";
		};
		120366EA1F44AD0C00612A5A /* LaunchScreen.storyboard */ = {
			isa = PBXVariantGroup;
			children = (
				120366EB1F44AD0C00612A5A /* Base */,
			);
			name = LaunchScreen.storyboard;
			sourceTree = "<group>";
		};
/* End PBXVariantGroup section */

/* Begin XCBuildConfiguration section */
		120366EE1F44AD0C00612A5A /* Debug */ = {
			isa = XCBuildConfiguration;
			buildSettings = {
				ALWAYS_SEARCH_USER_PATHS = NO;
				CLANG_ANALYZER_NONNULL = YES;
				CLANG_ANALYZER_NUMBER_OBJECT_CONVERSION = YES_AGGRESSIVE;
				CLANG_CXX_LANGUAGE_STANDARD = "gnu++0x";
				CLANG_CXX_LIBRARY = "libc++";
				CLANG_ENABLE_MODULES = YES;
				CLANG_ENABLE_OBJC_ARC = YES;
				CLANG_WARN_BLOCK_CAPTURE_AUTORELEASING = YES;
				CLANG_WARN_BOOL_CONVERSION = YES;
				CLANG_WARN_COMMA = YES;
				CLANG_WARN_CONSTANT_CONVERSION = YES;
				CLANG_WARN_DIRECT_OBJC_ISA_USAGE = YES_ERROR;
				CLANG_WARN_DOCUMENTATION_COMMENTS = YES;
				CLANG_WARN_EMPTY_BODY = YES;
				CLANG_WARN_ENUM_CONVERSION = YES;
				CLANG_WARN_INFINITE_RECURSION = YES;
				CLANG_WARN_INT_CONVERSION = YES;
				CLANG_WARN_NON_LITERAL_NULL_CONVERSION = YES;
				CLANG_WARN_OBJC_LITERAL_CONVERSION = YES;
				CLANG_WARN_OBJC_ROOT_CLASS = YES_ERROR;
				CLANG_WARN_RANGE_LOOP_ANALYSIS = YES;
				CLANG_WARN_STRICT_PROTOTYPES = YES;
				CLANG_WARN_SUSPICIOUS_MOVE = YES;
				CLANG_WARN_UNREACHABLE_CODE = YES;
				CLANG_WARN__DUPLICATE_METHOD_MATCH = YES;
				"CODE_SIGN_IDENTITY[sdk=iphoneos*]" = "iPhone Developer";
				COPY_PHASE_STRIP = NO;
				DEBUG_INFORMATION_FORMAT = dwarf;
				ENABLE_STRICT_OBJC_MSGSEND = YES;
				ENABLE_TESTABILITY = YES;
				GCC_C_LANGUAGE_STANDARD = gnu99;
				GCC_DYNAMIC_NO_PIC = NO;
				GCC_NO_COMMON_BLOCKS = YES;
				GCC_OPTIMIZATION_LEVEL = 0;
				GCC_PREPROCESSOR_DEFINITIONS = (
					"DEBUG=1",
					"$(inherited)",
				);
				GCC_WARN_64_TO_32_BIT_CONVERSION = YES;
				GCC_WARN_ABOUT_RETURN_TYPE = YES_ERROR;
				GCC_WARN_UNDECLARED_SELECTOR = YES;
				GCC_WARN_UNINITIALIZED_AUTOS = YES_AGGRESSIVE;
				GCC_WARN_UNUSED_FUNCTION = YES;
				GCC_WARN_UNUSED_VARIABLE = YES;
				IPHONEOS_DEPLOYMENT_TARGET = 10.3;
				MTL_ENABLE_DEBUG_INFO = YES;
				ONLY_ACTIVE_ARCH = YES;
				SDKROOT = iphoneos;
			};
			name = Debug;
		};
		120366EF1F44AD0C00612A5A /* Release */ = {
			isa = XCBuildConfiguration;
			buildSettings = {
				ALWAYS_SEARCH_USER_PATHS = NO;
				CLANG_ANALYZER_NONNULL = YES;
				CLANG_ANALYZER_NUMBER_OBJECT_CONVERSION = YES_AGGRESSIVE;
				CLANG_CXX_LANGUAGE_STANDARD = "gnu++0x";
				CLANG_CXX_LIBRARY = "libc++";
				CLANG_ENABLE_MODULES = YES;
				CLANG_ENABLE_OBJC_ARC = YES;
				CLANG_WARN_BLOCK_CAPTURE_AUTORELEASING = YES;
				CLANG_WARN_BOOL_CONVERSION = YES;
				CLANG_WARN_COMMA = YES;
				CLANG_WARN_CONSTANT_CONVERSION = YES;
				CLANG_WARN_DIRECT_OBJC_ISA_USAGE = YES_ERROR;
				CLANG_WARN_DOCUMENTATION_COMMENTS = YES;
				CLANG_WARN_EMPTY_BODY = YES;
				CLANG_WARN_ENUM_CONVERSION = YES;
				CLANG_WARN_INFINITE_RECURSION = YES;
				CLANG_WARN_INT_CONVERSION = YES;
				CLANG_WARN_NON_LITERAL_NULL_CONVERSION = YES;
				CLANG_WARN_OBJC_LITERAL_CONVERSION = YES;
				CLANG_WARN_OBJC_ROOT_CLASS = YES_ERROR;
				CLANG_WARN_RANGE_LOOP_ANALYSIS = YES;
				CLANG_WARN_STRICT_PROTOTYPES = YES;
				CLANG_WARN_SUSPICIOUS_MOVE = YES;
				CLANG_WARN_UNREACHABLE_CODE = YES;
				CLANG_WARN__DUPLICATE_METHOD_MATCH = YES;
				"CODE_SIGN_IDENTITY[sdk=iphoneos*]" = "iPhone Developer";
				COPY_PHASE_STRIP = NO;
				DEBUG_INFORMATION_FORMAT = "dwarf-with-dsym";
				ENABLE_NS_ASSERTIONS = NO;
				ENABLE_STRICT_OBJC_MSGSEND = YES;
				GCC_C_LANGUAGE_STANDARD = gnu99;
				GCC_NO_COMMON_BLOCKS = YES;
				GCC_WARN_64_TO_32_BIT_CONVERSION = YES;
				GCC_WARN_ABOUT_RETURN_TYPE = YES_ERROR;
				GCC_WARN_UNDECLARED_SELECTOR = YES;
				GCC_WARN_UNINITIALIZED_AUTOS = YES_AGGRESSIVE;
				GCC_WARN_UNUSED_FUNCTION = YES;
				GCC_WARN_UNUSED_VARIABLE = YES;
				IPHONEOS_DEPLOYMENT_TARGET = 10.3;
				MTL_ENABLE_DEBUG_INFO = NO;
				SDKROOT = iphoneos;
				VALIDATE_PRODUCT = YES;
			};
			name = Release;
		};
		120366F11F44AD0C00612A5A /* Debug */ = {
			isa = XCBuildConfiguration;
			buildSettings = {
				ASSETCATALOG_COMPILER_APPICON_NAME = AppIcon;
				DEVELOPMENT_TEAM = H2GBZ259YT;
				INFOPLIST_FILE = "w4d3-demo/Info.plist";
				LD_RUNPATH_SEARCH_PATHS = "$(inherited) @executable_path/Frameworks";
				PRODUCT_BUNDLE_IDENTIFIER = "com.lighthouse-labs.w4d3";
				PRODUCT_NAME = "$(TARGET_NAME)";
			};
			name = Debug;
		};
		120366F21F44AD0C00612A5A /* Release */ = {
			isa = XCBuildConfiguration;
			buildSettings = {
				ASSETCATALOG_COMPILER_APPICON_NAME = AppIcon;
				DEVELOPMENT_TEAM = H2GBZ259YT;
				INFOPLIST_FILE = "w4d3-demo/Info.plist";
				LD_RUNPATH_SEARCH_PATHS = "$(inherited) @executable_path/Frameworks";
				PRODUCT_BUNDLE_IDENTIFIER = "com.lighthouse-labs.w4d3";
				PRODUCT_NAME = "$(TARGET_NAME)";
			};
			name = Release;
		};
/* End XCBuildConfiguration section */

/* Begin XCConfigurationList section */
		120366CE1F44AD0C00612A5A /* Build configuration list for PBXProject "w4d3-demo" */ = {
			isa = XCConfigurationList;
			buildConfigurations = (
				120366EE1F44AD0C00612A5A /* Debug */,
				120366EF1F44AD0C00612A5A /* Release */,
			);
			defaultConfigurationIsVisible = 0;
			defaultConfigurationName = Release;
		};
		120366F01F44AD0C00612A5A /* Build configuration list for PBXNativeTarget "w4d3-demo" */ = {
			isa = XCConfigurationList;
			buildConfigurations = (
				120366F11F44AD0C00612A5A /* Debug */,
				120366F21F44AD0C00612A5A /* Release */,
			);
			defaultConfigurationIsVisible = 0;
			defaultConfigurationName = Release;
		};
/* End XCConfigurationList section */

/* Begin XCVersionGroup section */
		120366DC1F44AD0C00612A5A /* w4d3-demo.xcdatamodeld */ = {
			isa = XCVersionGroup;
			children = (
				120366DD1F44AD0C00612A5A /* W4D3_CoreData_starter.xcdatamodel */,
			);
			currentVersion = 120366DD1F44AD0C00612A5A /* W4D3_CoreData_starter.xcdatamodel */;
			path = "w4d3-demo.xcdatamodeld";
			sourceTree = "<group>";
			versionGroupType = wrapper.xcdatamodel;
		};
/* End XCVersionGroup section */
	};
	rootObject = 120366CB1F44AD0C00612A5A /* Project object */;
}
